
Microsoft Visual Studio Solution File, Format Version 12.00
# Visual Studio Version 17
VisualStudioVersion = 17.3.32804.467
MinimumVisualStudioVersion = 10.0.40219.1
Project("{FAE04EC0-301F-11D3-BF4B-00C04F79EFBC}") = "FluentUi.Emoji.Client", "FluentUi.Emoji.Client\FluentUi.Emoji.Client.csproj", "{BCBF5F8E-A474-47B7-945F-2704EBB91F8A}"
EndProject
Global
	GlobalSection(SolutionConfigurationPlatforms) = preSolution
		Debug|Any CPU = Debug|Any CPU
		Release|Any CPU = Release|Any CPU
	EndGlobalSection
	GlobalSection(ProjectConfigurationPlatforms) = postSolution
		{BCBF5F8E-A474-47B7-945F-2704EBB91F8A}.Debug|Any CPU.ActiveCfg = Debug|Any CPU
		{BCBF5F8E-A474-47B7-945F-2704EBB91F8A}.Debug|Any CPU.Build.0 = Debug|Any CPU
		{BCBF5F8E-A474-47B7-945F-2704EBB91F8A}.Release|Any CPU.ActiveCfg = Release|Any CPU
		{BCBF5F8E-A474-47B7-945F-2704EBB91F8A}.Release|Any CPU.Build.0 = Release|Any CPU
	EndGlobalSection
	GlobalSection(SolutionProperties) = preSolution
		HideSolutionNode = FALSE
	EndGlobalSection
	GlobalSection(ExtensibilityGlobals) = postSolution
		SolutionGuid = {445A5E08-0F9F-40D5-9A8B-E28E524787FF}
	EndGlobalSection
EndGlobal
